
Microsoft Visual Studio Solution File, Format Version 12.00
# Visual Studio Version 16
VisualStudioVersion = 16.0.30204.135
MinimumVisualStudioVersion = 10.0.40219.1
Project("{2150E333-8FDC-42A3-9474-1A3956D46DE8}") = "Cadastro", "Cadastro", "{758AF54E-32E7-4872-8838-66F12F21C7F0}"
EndProject
Project("{2150E333-8FDC-42A3-9474-1A3956D46DE8}") = "Locacao", "Locacao", "{6D67078D-1BB4-494A-8279-09AAE606CE58}"
EndProject
Project("{2150E333-8FDC-42A3-9474-1A3956D46DE8}") = "Pagamento", "Pagamento", "{95DED494-19FB-41E5-A57A-EC412353A185}"
EndProject
Project("{2150E333-8FDC-42A3-9474-1A3956D46DE8}") = "Services", "Services", "{1FF9DED6-B29F-45E8-A5D8-688C3B4F214F}"
EndProject
Project("{9A19103F-16F7-4668-BE54-9A1E7A4F7556}") = "Sporterr.Cadastro.Domain", "..\src\Sporterr.Cadastro.Domain\Sporterr.Cadastro.Domain.csproj", "{5F61348C-067B-4F81-B55F-F82E47B53B8E}"
EndProject
Project("{9A19103F-16F7-4668-BE54-9A1E7A4F7556}") = "Sporterr.Cadastro.Data", "..\src\Sporterr.Cadastro.Data\Sporterr.Cadastro.Data.csproj", "{343BB453-46C1-4E43-AC7B-85EE355E3A99}"
EndProject
Project("{2150E333-8FDC-42A3-9474-1A3956D46DE8}") = "Core", "Core", "{46C7CE23-5B4C-40EE-B819-2E25B66CCEF1}"
EndProject
Project("{9A19103F-16F7-4668-BE54-9A1E7A4F7556}") = "Sporterr.Core", "..\src\Sporterr.Core\Sporterr.Core.csproj", "{A1803E47-7833-40DC-86B6-F1FC5F8FF289}"
EndProject
Project("{9A19103F-16F7-4668-BE54-9A1E7A4F7556}") = "Sporterr.Cadastro.Application", "..\src\Sporterr.Cadastro.Application\Sporterr.Cadastro.Application.csproj", "{C70AC420-53A4-49A7-B561-0415CB3A8D50}"
EndProject
Project("{9A19103F-16F7-4668-BE54-9A1E7A4F7556}") = "Sporterr.Locacoes.Data", "..\src\Sporterr.Locacoes.Data\Sporterr.Locacoes.Data.csproj", "{DA0B8D81-327C-4320-BA93-E0EFC5D5623B}"
EndProject
Project("{9A19103F-16F7-4668-BE54-9A1E7A4F7556}") = "Sporterr.Locacoes.Domain", "..\src\Sporterr.Locacoes.Domain\Sporterr.Locacoes.Domain.csproj", "{BB03011B-28C2-4F8A-861D-18E3846A8565}"
EndProject
Project("{9A19103F-16F7-4668-BE54-9A1E7A4F7556}") = "Sporterr.Locacoes.Application", "..\src\Sporterr.Locacoes.Application\Sporterr.Locacoes.Application.csproj", "{ED8C2D9C-F193-4575-B83B-75852474E30D}"
EndProject
Project("{2150E333-8FDC-42A3-9474-1A3956D46DE8}") = "CLI", "CLI", "{A08BEB81-EA0B-40A1-A0C3-28B33ADE8DD2}"
EndProject
Project("{9A19103F-16F7-4668-BE54-9A1E7A4F7556}") = "Sporterr.CliApplication", "..\src\Sporterr.CliApplication\Sporterr.CliApplication.csproj", "{5F806508-F906-4D3D-8C8B-446204FEF741}"
EndProject
Project("{2150E333-8FDC-42A3-9474-1A3956D46DE8}") = "EventStore", "EventStore", "{B41BB01A-9AB9-444A-BDEE-A0A426ED30E0}"
EndProject
Project("{9A19103F-16F7-4668-BE54-9A1E7A4F7556}") = "Sporterr.EventSourcing", "..\src\Sporterr.EventSourcing\Sporterr.EventSourcing.csproj", "{77C4E454-3548-4EDD-ABC6-2B00449DB452}"
EndProject
Project("{2150E333-8FDC-42A3-9474-1A3956D46DE8}") = "Reading", "Reading", "{E02F3E80-25BE-4D70-8F7F-A15E507617F1}"
EndProject
Project("{9A19103F-16F7-4668-BE54-9A1E7A4F7556}") = "Sporterr.Reading", "..\src\Sporterr.Reading\Sporterr.Reading.csproj", "{DE2AC59B-C138-4EB0-BAD8-A78774658645}"
EndProject
Project("{2150E333-8FDC-42A3-9474-1A3956D46DE8}") = "Tests", "Tests", "{12D7EEE1-DB32-43B8-A6FE-887C5CCDB27F}"
EndProject
Project("{2150E333-8FDC-42A3-9474-1A3956D46DE8}") = "Cadastro", "Cadastro", "{20B60732-5298-4572-8921-E35D02604326}"
EndProject
Project("{2150E333-8FDC-42A3-9474-1A3956D46DE8}") = "Locacao", "Locacao", "{8BFAB820-5A99-44D2-9B19-3BB01EFE440D}"
EndProject
Project("{2150E333-8FDC-42A3-9474-1A3956D46DE8}") = "Sorteio", "Sorteio", "{1C5375C1-AC60-4180-971E-ECE2CB10B28B}"
EndProject
Project("{9A19103F-16F7-4668-BE54-9A1E7A4F7556}") = "Sporterr.Sorteio.Domain", "..\src\Sporterr.Sorteio.Domain\Sporterr.Sorteio.Domain.csproj", "{695DA4C9-67E3-478E-B1A5-ED9118AEDF8B}"
EndProject
Project("{9A19103F-16F7-4668-BE54-9A1E7A4F7556}") = "Sporterr.Sorteio.Data", "..\src\Sporterr.Sorteio.Data\Sporterr.Sorteio.Data.csproj", "{4A199B12-BEE6-4D09-B480-76FFA3DB4FE5}"
EndProject
Project("{9A19103F-16F7-4668-BE54-9A1E7A4F7556}") = "Sporterr.Sorteio.Application", "..\src\Sporterr.Sorteio.Application\Sporterr.Sorteio.Application.csproj", "{9EFB43C8-4F70-44EA-9107-3CBB17159078}"
EndProject
Project("{2150E333-8FDC-42A3-9474-1A3956D46DE8}") = "Sorteio", "Sorteio", "{8E97FE37-3835-4D58-8FDE-3D62C6ACE6EA}"
EndProject
Project("{9A19103F-16F7-4668-BE54-9A1E7A4F7556}") = "Sporterr.Sorteio.Domain.UnitTests", "..\tests\Sporterr.Sorteio.Domain.UnitTests\Sporterr.Sorteio.Domain.UnitTests.csproj", "{E7F5E440-F5F1-44EB-8C3E-644F72FAC622}"
EndProject
Project("{9A19103F-16F7-4668-BE54-9A1E7A4F7556}") = "Sporterr.Cadastro.Domain.UnitTests", "..\tests\Sporterr.Cadastro.Domain.UnitTests\Sporterr.Cadastro.Domain.UnitTests.csproj", "{4CF1870E-053D-4E40-A50F-6AFE6E0E26E2}"
EndProject
Project("{9A19103F-16F7-4668-BE54-9A1E7A4F7556}") = "Sporterr.Locacoes.Domain.UnitTests", "..\tests\Sporterr.Locacoes.Domain.UnitTests\Sporterr.Locacoes.Domain.UnitTests.csproj", "{B8D1A76A-F61B-44E3-931C-CCF9C37474CB}"
EndProject
Project("{9A19103F-16F7-4668-BE54-9A1E7A4F7556}") = "Sporterr.Sorteio.Application.Tests", "..\tests\Sporterr.Sorteio.Application.Tests\Sporterr.Sorteio.Application.Tests.csproj", "{3D07565E-C4E2-4316-9650-551B57204D7E}"
EndProject
Project("{9A19103F-16F7-4668-BE54-9A1E7A4F7556}") = "Sporterr.Sorteio.Api", "..\src\Sporterr.Sorteio.Api\Sporterr.Sorteio.Api.csproj", "{2AF1B86A-2C5E-4661-88EC-0D3A48E930FE}"
EndProject
Project("{2150E333-8FDC-42A3-9474-1A3956D46DE8}") = "Unit", "Unit", "{CE0BCC2B-48E8-42F0-A293-031F6D4074AD}"
EndProject
Project("{2150E333-8FDC-42A3-9474-1A3956D46DE8}") = "Integration", "Integration", "{07E89512-EDFA-49F5-83A8-8A1D4D38C370}"
EndProject
Project("{9A19103F-16F7-4668-BE54-9A1E7A4F7556}") = "Sporterr.Sorteio.Api.IntegrationTests", "..\tests\Sporterr.Sorteio.Api.IntegrationTests\Sporterr.Sorteio.Api.IntegrationTests.csproj", "{55ED38F4-00EE-4590-A50A-93A0BBACC971}"
EndProject
Project("{FAE04EC0-301F-11D3-BF4B-00C04F79EFBC}") = "Sporterr.Cadastro.Api", "..\src\Sporterr.Cadastro.Api\Sporterr.Cadastro.Api.csproj", "{199458C3-CE00-4C74-A8C5-2B035854323A}"
EndProject
Project("{FAE04EC0-301F-11D3-BF4B-00C04F79EFBC}") = "Sporterr.Locacoes.Api", "..\src\Sporterr.Locacoes.Api\Sporterr.Locacoes.Api.csproj", "{739CC97C-9A4F-41B3-A84B-CD363984E359}"
EndProject
Global
	GlobalSection(SolutionConfigurationPlatforms) = preSolution
		Debug|Any CPU = Debug|Any CPU
		Release|Any CPU = Release|Any CPU
	EndGlobalSection
	GlobalSection(ProjectConfigurationPlatforms) = postSolution
		{5F61348C-067B-4F81-B55F-F82E47B53B8E}.Debug|Any CPU.ActiveCfg = Debug|Any CPU
		{5F61348C-067B-4F81-B55F-F82E47B53B8E}.Debug|Any CPU.Build.0 = Debug|Any CPU
		{5F61348C-067B-4F81-B55F-F82E47B53B8E}.Release|Any CPU.ActiveCfg = Release|Any CPU
		{5F61348C-067B-4F81-B55F-F82E47B53B8E}.Release|Any CPU.Build.0 = Release|Any CPU
		{343BB453-46C1-4E43-AC7B-85EE355E3A99}.Debug|Any CPU.ActiveCfg = Debug|Any CPU
		{343BB453-46C1-4E43-AC7B-85EE355E3A99}.Debug|Any CPU.Build.0 = Debug|Any CPU
		{343BB453-46C1-4E43-AC7B-85EE355E3A99}.Release|Any CPU.ActiveCfg = Release|Any CPU
		{343BB453-46C1-4E43-AC7B-85EE355E3A99}.Release|Any CPU.Build.0 = Release|Any CPU
		{A1803E47-7833-40DC-86B6-F1FC5F8FF289}.Debug|Any CPU.ActiveCfg = Debug|Any CPU
		{A1803E47-7833-40DC-86B6-F1FC5F8FF289}.Debug|Any CPU.Build.0 = Debug|Any CPU
		{A1803E47-7833-40DC-86B6-F1FC5F8FF289}.Release|Any CPU.ActiveCfg = Release|Any CPU
		{A1803E47-7833-40DC-86B6-F1FC5F8FF289}.Release|Any CPU.Build.0 = Release|Any CPU
		{C70AC420-53A4-49A7-B561-0415CB3A8D50}.Debug|Any CPU.ActiveCfg = Debug|Any CPU
		{C70AC420-53A4-49A7-B561-0415CB3A8D50}.Debug|Any CPU.Build.0 = Debug|Any CPU
		{C70AC420-53A4-49A7-B561-0415CB3A8D50}.Release|Any CPU.ActiveCfg = Release|Any CPU
		{C70AC420-53A4-49A7-B561-0415CB3A8D50}.Release|Any CPU.Build.0 = Release|Any CPU
		{DA0B8D81-327C-4320-BA93-E0EFC5D5623B}.Debug|Any CPU.ActiveCfg = Debug|Any CPU
		{DA0B8D81-327C-4320-BA93-E0EFC5D5623B}.Debug|Any CPU.Build.0 = Debug|Any CPU
		{DA0B8D81-327C-4320-BA93-E0EFC5D5623B}.Release|Any CPU.ActiveCfg = Release|Any CPU
		{DA0B8D81-327C-4320-BA93-E0EFC5D5623B}.Release|Any CPU.Build.0 = Release|Any CPU
		{BB03011B-28C2-4F8A-861D-18E3846A8565}.Debug|Any CPU.ActiveCfg = Debug|Any CPU
		{BB03011B-28C2-4F8A-861D-18E3846A8565}.Debug|Any CPU.Build.0 = Debug|Any CPU
		{BB03011B-28C2-4F8A-861D-18E3846A8565}.Release|Any CPU.ActiveCfg = Release|Any CPU
		{BB03011B-28C2-4F8A-861D-18E3846A8565}.Release|Any CPU.Build.0 = Release|Any CPU
		{ED8C2D9C-F193-4575-B83B-75852474E30D}.Debug|Any CPU.ActiveCfg = Debug|Any CPU
		{ED8C2D9C-F193-4575-B83B-75852474E30D}.Debug|Any CPU.Build.0 = Debug|Any CPU
		{ED8C2D9C-F193-4575-B83B-75852474E30D}.Release|Any CPU.ActiveCfg = Release|Any CPU
		{ED8C2D9C-F193-4575-B83B-75852474E30D}.Release|Any CPU.Build.0 = Release|Any CPU
		{5F806508-F906-4D3D-8C8B-446204FEF741}.Debug|Any CPU.ActiveCfg = Debug|Any CPU
		{5F806508-F906-4D3D-8C8B-446204FEF741}.Debug|Any CPU.Build.0 = Debug|Any CPU
		{5F806508-F906-4D3D-8C8B-446204FEF741}.Release|Any CPU.ActiveCfg = Release|Any CPU
		{5F806508-F906-4D3D-8C8B-446204FEF741}.Release|Any CPU.Build.0 = Release|Any CPU
		{77C4E454-3548-4EDD-ABC6-2B00449DB452}.Debug|Any CPU.ActiveCfg = Debug|Any CPU
		{77C4E454-3548-4EDD-ABC6-2B00449DB452}.Debug|Any CPU.Build.0 = Debug|Any CPU
		{77C4E454-3548-4EDD-ABC6-2B00449DB452}.Release|Any CPU.ActiveCfg = Release|Any CPU
		{77C4E454-3548-4EDD-ABC6-2B00449DB452}.Release|Any CPU.Build.0 = Release|Any CPU
		{DE2AC59B-C138-4EB0-BAD8-A78774658645}.Debug|Any CPU.ActiveCfg = Debug|Any CPU
		{DE2AC59B-C138-4EB0-BAD8-A78774658645}.Debug|Any CPU.Build.0 = Debug|Any CPU
		{DE2AC59B-C138-4EB0-BAD8-A78774658645}.Release|Any CPU.ActiveCfg = Release|Any CPU
		{DE2AC59B-C138-4EB0-BAD8-A78774658645}.Release|Any CPU.Build.0 = Release|Any CPU
		{695DA4C9-67E3-478E-B1A5-ED9118AEDF8B}.Debug|Any CPU.ActiveCfg = Debug|Any CPU
		{695DA4C9-67E3-478E-B1A5-ED9118AEDF8B}.Debug|Any CPU.Build.0 = Debug|Any CPU
		{695DA4C9-67E3-478E-B1A5-ED9118AEDF8B}.Release|Any CPU.ActiveCfg = Release|Any CPU
		{695DA4C9-67E3-478E-B1A5-ED9118AEDF8B}.Release|Any CPU.Build.0 = Release|Any CPU
		{4A199B12-BEE6-4D09-B480-76FFA3DB4FE5}.Debug|Any CPU.ActiveCfg = Debug|Any CPU
		{4A199B12-BEE6-4D09-B480-76FFA3DB4FE5}.Debug|Any CPU.Build.0 = Debug|Any CPU
		{4A199B12-BEE6-4D09-B480-76FFA3DB4FE5}.Release|Any CPU.ActiveCfg = Release|Any CPU
		{4A199B12-BEE6-4D09-B480-76FFA3DB4FE5}.Release|Any CPU.Build.0 = Release|Any CPU
		{9EFB43C8-4F70-44EA-9107-3CBB17159078}.Debug|Any CPU.ActiveCfg = Debug|Any CPU
		{9EFB43C8-4F70-44EA-9107-3CBB17159078}.Debug|Any CPU.Build.0 = Debug|Any CPU
		{9EFB43C8-4F70-44EA-9107-3CBB17159078}.Release|Any CPU.ActiveCfg = Release|Any CPU
		{9EFB43C8-4F70-44EA-9107-3CBB17159078}.Release|Any CPU.Build.0 = Release|Any CPU
		{E7F5E440-F5F1-44EB-8C3E-644F72FAC622}.Debug|Any CPU.ActiveCfg = Debug|Any CPU
		{E7F5E440-F5F1-44EB-8C3E-644F72FAC622}.Debug|Any CPU.Build.0 = Debug|Any CPU
		{E7F5E440-F5F1-44EB-8C3E-644F72FAC622}.Release|Any CPU.ActiveCfg = Release|Any CPU
		{E7F5E440-F5F1-44EB-8C3E-644F72FAC622}.Release|Any CPU.Build.0 = Release|Any CPU
		{4CF1870E-053D-4E40-A50F-6AFE6E0E26E2}.Debug|Any CPU.ActiveCfg = Debug|Any CPU
		{4CF1870E-053D-4E40-A50F-6AFE6E0E26E2}.Debug|Any CPU.Build.0 = Debug|Any CPU
		{4CF1870E-053D-4E40-A50F-6AFE6E0E26E2}.Release|Any CPU.ActiveCfg = Release|Any CPU
		{4CF1870E-053D-4E40-A50F-6AFE6E0E26E2}.Release|Any CPU.Build.0 = Release|Any CPU
		{B8D1A76A-F61B-44E3-931C-CCF9C37474CB}.Debug|Any CPU.ActiveCfg = Debug|Any CPU
		{B8D1A76A-F61B-44E3-931C-CCF9C37474CB}.Debug|Any CPU.Build.0 = Debug|Any CPU
		{B8D1A76A-F61B-44E3-931C-CCF9C37474CB}.Release|Any CPU.ActiveCfg = Release|Any CPU
		{B8D1A76A-F61B-44E3-931C-CCF9C37474CB}.Release|Any CPU.Build.0 = Release|Any CPU
		{3D07565E-C4E2-4316-9650-551B57204D7E}.Debug|Any CPU.ActiveCfg = Debug|Any CPU
		{3D07565E-C4E2-4316-9650-551B57204D7E}.Debug|Any CPU.Build.0 = Debug|Any CPU
		{3D07565E-C4E2-4316-9650-551B57204D7E}.Release|Any CPU.ActiveCfg = Release|Any CPU
		{3D07565E-C4E2-4316-9650-551B57204D7E}.Release|Any CPU.Build.0 = Release|Any CPU
		{2AF1B86A-2C5E-4661-88EC-0D3A48E930FE}.Debug|Any CPU.ActiveCfg = Debug|Any CPU
		{2AF1B86A-2C5E-4661-88EC-0D3A48E930FE}.Debug|Any CPU.Build.0 = Debug|Any CPU
		{2AF1B86A-2C5E-4661-88EC-0D3A48E930FE}.Release|Any CPU.ActiveCfg = Release|Any CPU
		{2AF1B86A-2C5E-4661-88EC-0D3A48E930FE}.Release|Any CPU.Build.0 = Release|Any CPU
		{55ED38F4-00EE-4590-A50A-93A0BBACC971}.Debug|Any CPU.ActiveCfg = Debug|Any CPU
		{55ED38F4-00EE-4590-A50A-93A0BBACC971}.Debug|Any CPU.Build.0 = Debug|Any CPU
		{55ED38F4-00EE-4590-A50A-93A0BBACC971}.Release|Any CPU.ActiveCfg = Release|Any CPU
		{55ED38F4-00EE-4590-A50A-93A0BBACC971}.Release|Any CPU.Build.0 = Release|Any CPU
		{199458C3-CE00-4C74-A8C5-2B035854323A}.Debug|Any CPU.ActiveCfg = Debug|Any CPU
		{199458C3-CE00-4C74-A8C5-2B035854323A}.Debug|Any CPU.Build.0 = Debug|Any CPU
		{199458C3-CE00-4C74-A8C5-2B035854323A}.Release|Any CPU.ActiveCfg = Release|Any CPU
		{199458C3-CE00-4C74-A8C5-2B035854323A}.Release|Any CPU.Build.0 = Release|Any CPU
		{739CC97C-9A4F-41B3-A84B-CD363984E359}.Debug|Any CPU.ActiveCfg = Debug|Any CPU
		{739CC97C-9A4F-41B3-A84B-CD363984E359}.Debug|Any CPU.Build.0 = Debug|Any CPU
		{739CC97C-9A4F-41B3-A84B-CD363984E359}.Release|Any CPU.ActiveCfg = Release|Any CPU
		{739CC97C-9A4F-41B3-A84B-CD363984E359}.Release|Any CPU.Build.0 = Release|Any CPU
	EndGlobalSection
	GlobalSection(SolutionProperties) = preSolution
		HideSolutionNode = FALSE
	EndGlobalSection
	GlobalSection(NestedProjects) = preSolution
		{758AF54E-32E7-4872-8838-66F12F21C7F0} = {1FF9DED6-B29F-45E8-A5D8-688C3B4F214F}
		{6D67078D-1BB4-494A-8279-09AAE606CE58} = {1FF9DED6-B29F-45E8-A5D8-688C3B4F214F}
		{95DED494-19FB-41E5-A57A-EC412353A185} = {1FF9DED6-B29F-45E8-A5D8-688C3B4F214F}
		{5F61348C-067B-4F81-B55F-F82E47B53B8E} = {758AF54E-32E7-4872-8838-66F12F21C7F0}
		{343BB453-46C1-4E43-AC7B-85EE355E3A99} = {758AF54E-32E7-4872-8838-66F12F21C7F0}
		{46C7CE23-5B4C-40EE-B819-2E25B66CCEF1} = {1FF9DED6-B29F-45E8-A5D8-688C3B4F214F}
		{A1803E47-7833-40DC-86B6-F1FC5F8FF289} = {46C7CE23-5B4C-40EE-B819-2E25B66CCEF1}
		{C70AC420-53A4-49A7-B561-0415CB3A8D50} = {758AF54E-32E7-4872-8838-66F12F21C7F0}
		{DA0B8D81-327C-4320-BA93-E0EFC5D5623B} = {6D67078D-1BB4-494A-8279-09AAE606CE58}
		{BB03011B-28C2-4F8A-861D-18E3846A8565} = {6D67078D-1BB4-494A-8279-09AAE606CE58}
		{ED8C2D9C-F193-4575-B83B-75852474E30D} = {6D67078D-1BB4-494A-8279-09AAE606CE58}
		{5F806508-F906-4D3D-8C8B-446204FEF741} = {A08BEB81-EA0B-40A1-A0C3-28B33ADE8DD2}
		{77C4E454-3548-4EDD-ABC6-2B00449DB452} = {B41BB01A-9AB9-444A-BDEE-A0A426ED30E0}
		{DE2AC59B-C138-4EB0-BAD8-A78774658645} = {E02F3E80-25BE-4D70-8F7F-A15E507617F1}
		{20B60732-5298-4572-8921-E35D02604326} = {12D7EEE1-DB32-43B8-A6FE-887C5CCDB27F}
		{8BFAB820-5A99-44D2-9B19-3BB01EFE440D} = {12D7EEE1-DB32-43B8-A6FE-887C5CCDB27F}
		{1C5375C1-AC60-4180-971E-ECE2CB10B28B} = {1FF9DED6-B29F-45E8-A5D8-688C3B4F214F}
		{695DA4C9-67E3-478E-B1A5-ED9118AEDF8B} = {1C5375C1-AC60-4180-971E-ECE2CB10B28B}
		{4A199B12-BEE6-4D09-B480-76FFA3DB4FE5} = {1C5375C1-AC60-4180-971E-ECE2CB10B28B}
		{9EFB43C8-4F70-44EA-9107-3CBB17159078} = {1C5375C1-AC60-4180-971E-ECE2CB10B28B}
		{8E97FE37-3835-4D58-8FDE-3D62C6ACE6EA} = {12D7EEE1-DB32-43B8-A6FE-887C5CCDB27F}
		{E7F5E440-F5F1-44EB-8C3E-644F72FAC622} = {CE0BCC2B-48E8-42F0-A293-031F6D4074AD}
		{4CF1870E-053D-4E40-A50F-6AFE6E0E26E2} = {20B60732-5298-4572-8921-E35D02604326}
		{B8D1A76A-F61B-44E3-931C-CCF9C37474CB} = {8BFAB820-5A99-44D2-9B19-3BB01EFE440D}
		{3D07565E-C4E2-4316-9650-551B57204D7E} = {8E97FE37-3835-4D58-8FDE-3D62C6ACE6EA}
		{2AF1B86A-2C5E-4661-88EC-0D3A48E930FE} = {1C5375C1-AC60-4180-971E-ECE2CB10B28B}
		{CE0BCC2B-48E8-42F0-A293-031F6D4074AD} = {8E97FE37-3835-4D58-8FDE-3D62C6ACE6EA}
		{07E89512-EDFA-49F5-83A8-8A1D4D38C370} = {8E97FE37-3835-4D58-8FDE-3D62C6ACE6EA}
		{55ED38F4-00EE-4590-A50A-93A0BBACC971} = {07E89512-EDFA-49F5-83A8-8A1D4D38C370}
		{199458C3-CE00-4C74-A8C5-2B035854323A} = {758AF54E-32E7-4872-8838-66F12F21C7F0}
		{739CC97C-9A4F-41B3-A84B-CD363984E359} = {6D67078D-1BB4-494A-8279-09AAE606CE58}
	EndGlobalSection
	GlobalSection(ExtensibilityGlobals) = postSolution
		SolutionGuid = {E7A6CA5C-C429-41AE-8DFE-95AC150F799B}
	EndGlobalSection
EndGlobal
