
Microsoft Visual Studio Solution File, Format Version 12.00
# Visual Studio Version 16
VisualStudioVersion = 16.0.30204.135
MinimumVisualStudioVersion = 10.0.40219.1
Project("{2150E333-8FDC-42A3-9474-1A3956D46DE8}") = "Cadastro", "Cadastro", "{758AF54E-32E7-4872-8838-66F12F21C7F0}"
EndProject
Project("{2150E333-8FDC-42A3-9474-1A3956D46DE8}") = "Locacao", "Locacao", "{6D67078D-1BB4-494A-8279-09AAE606CE58}"
EndProject
Project("{2150E333-8FDC-42A3-9474-1A3956D46DE8}") = "Pagamento", "Pagamento", "{95DED494-19FB-41E5-A57A-EC412353A185}"
EndProject
Project("{2150E333-8FDC-42A3-9474-1A3956D46DE8}") = "Services", "Services", "{1FF9DED6-B29F-45E8-A5D8-688C3B4F214F}"
EndProject
Project("{9A19103F-16F7-4668-BE54-9A1E7A4F7556}") = "Sporterr.Cadastro.Domain", "..\src\Sporterr.Cadastro.Domain\Sporterr.Cadastro.Domain.csproj", "{5F61348C-067B-4F81-B55F-F82E47B53B8E}"
EndProject
Project("{9A19103F-16F7-4668-BE54-9A1E7A4F7556}") = "Sporterr.Cadastro.Data", "..\src\Sporterr.Cadastro.Data\Sporterr.Cadastro.Data.csproj", "{343BB453-46C1-4E43-AC7B-85EE355E3A99}"
EndProject
Project("{2150E333-8FDC-42A3-9474-1A3956D46DE8}") = "Core", "Core", "{46C7CE23-5B4C-40EE-B819-2E25B66CCEF1}"
EndProject
Project("{9A19103F-16F7-4668-BE54-9A1E7A4F7556}") = "Sporterr.Core", "..\src\Sporterr.Core\Sporterr.Core.csproj", "{A1803E47-7833-40DC-86B6-F1FC5F8FF289}"
EndProject
Project("{9A19103F-16F7-4668-BE54-9A1E7A4F7556}") = "Sporterr.Cadastro.Application", "..\src\Sporterr.Cadastro.Application\Sporterr.Cadastro.Application.csproj", "{C70AC420-53A4-49A7-B561-0415CB3A8D50}"
EndProject
Project("{9A19103F-16F7-4668-BE54-9A1E7A4F7556}") = "Sporterr.Locacoes.Data", "..\src\Sporterr.Locacoes.Data\Sporterr.Locacoes.Data.csproj", "{DA0B8D81-327C-4320-BA93-E0EFC5D5623B}"
EndProject
Project("{9A19103F-16F7-4668-BE54-9A1E7A4F7556}") = "Sporterr.Locacoes.Domain", "..\src\Sporterr.Locacoes.Domain\Sporterr.Locacoes.Domain.csproj", "{BB03011B-28C2-4F8A-861D-18E3846A8565}"
EndProject
Project("{9A19103F-16F7-4668-BE54-9A1E7A4F7556}") = "Sporterr.Locacoes.Application", "..\src\Sporterr.Locacoes.Application\Sporterr.Locacoes.Application.csproj", "{ED8C2D9C-F193-4575-B83B-75852474E30D}"
EndProject
Project("{2150E333-8FDC-42A3-9474-1A3956D46DE8}") = "CLI", "CLI", "{A08BEB81-EA0B-40A1-A0C3-28B33ADE8DD2}"
EndProject
Project("{FAE04EC0-301F-11D3-BF4B-00C04F79EFBC}") = "Sporterr.CliApplication", "..\src\Sporterr.CliApplication\Sporterr.CliApplication.csproj", "{5F806508-F906-4D3D-8C8B-446204FEF741}"
EndProject
Global
	GlobalSection(SolutionConfigurationPlatforms) = preSolution
		Debug|Any CPU = Debug|Any CPU
		Release|Any CPU = Release|Any CPU
	EndGlobalSection
	GlobalSection(ProjectConfigurationPlatforms) = postSolution
		{5F61348C-067B-4F81-B55F-F82E47B53B8E}.Debug|Any CPU.ActiveCfg = Debug|Any CPU
		{5F61348C-067B-4F81-B55F-F82E47B53B8E}.Debug|Any CPU.Build.0 = Debug|Any CPU
		{5F61348C-067B-4F81-B55F-F82E47B53B8E}.Release|Any CPU.ActiveCfg = Release|Any CPU
		{5F61348C-067B-4F81-B55F-F82E47B53B8E}.Release|Any CPU.Build.0 = Release|Any CPU
		{343BB453-46C1-4E43-AC7B-85EE355E3A99}.Debug|Any CPU.ActiveCfg = Debug|Any CPU
		{343BB453-46C1-4E43-AC7B-85EE355E3A99}.Debug|Any CPU.Build.0 = Debug|Any CPU
		{343BB453-46C1-4E43-AC7B-85EE355E3A99}.Release|Any CPU.ActiveCfg = Release|Any CPU
		{343BB453-46C1-4E43-AC7B-85EE355E3A99}.Release|Any CPU.Build.0 = Release|Any CPU
		{A1803E47-7833-40DC-86B6-F1FC5F8FF289}.Debug|Any CPU.ActiveCfg = Debug|Any CPU
		{A1803E47-7833-40DC-86B6-F1FC5F8FF289}.Debug|Any CPU.Build.0 = Debug|Any CPU
		{A1803E47-7833-40DC-86B6-F1FC5F8FF289}.Release|Any CPU.ActiveCfg = Release|Any CPU
		{A1803E47-7833-40DC-86B6-F1FC5F8FF289}.Release|Any CPU.Build.0 = Release|Any CPU
		{C70AC420-53A4-49A7-B561-0415CB3A8D50}.Debug|Any CPU.ActiveCfg = Debug|Any CPU
		{C70AC420-53A4-49A7-B561-0415CB3A8D50}.Debug|Any CPU.Build.0 = Debug|Any CPU
		{C70AC420-53A4-49A7-B561-0415CB3A8D50}.Release|Any CPU.ActiveCfg = Release|Any CPU
		{C70AC420-53A4-49A7-B561-0415CB3A8D50}.Release|Any CPU.Build.0 = Release|Any CPU
		{DA0B8D81-327C-4320-BA93-E0EFC5D5623B}.Debug|Any CPU.ActiveCfg = Debug|Any CPU
		{DA0B8D81-327C-4320-BA93-E0EFC5D5623B}.Debug|Any CPU.Build.0 = Debug|Any CPU
		{DA0B8D81-327C-4320-BA93-E0EFC5D5623B}.Release|Any CPU.ActiveCfg = Release|Any CPU
		{DA0B8D81-327C-4320-BA93-E0EFC5D5623B}.Release|Any CPU.Build.0 = Release|Any CPU
		{BB03011B-28C2-4F8A-861D-18E3846A8565}.Debug|Any CPU.ActiveCfg = Debug|Any CPU
		{BB03011B-28C2-4F8A-861D-18E3846A8565}.Debug|Any CPU.Build.0 = Debug|Any CPU
		{BB03011B-28C2-4F8A-861D-18E3846A8565}.Release|Any CPU.ActiveCfg = Release|Any CPU
		{BB03011B-28C2-4F8A-861D-18E3846A8565}.Release|Any CPU.Build.0 = Release|Any CPU
		{ED8C2D9C-F193-4575-B83B-75852474E30D}.Debug|Any CPU.ActiveCfg = Debug|Any CPU
		{ED8C2D9C-F193-4575-B83B-75852474E30D}.Debug|Any CPU.Build.0 = Debug|Any CPU
		{ED8C2D9C-F193-4575-B83B-75852474E30D}.Release|Any CPU.ActiveCfg = Release|Any CPU
		{ED8C2D9C-F193-4575-B83B-75852474E30D}.Release|Any CPU.Build.0 = Release|Any CPU
		{5F806508-F906-4D3D-8C8B-446204FEF741}.Debug|Any CPU.ActiveCfg = Debug|Any CPU
		{5F806508-F906-4D3D-8C8B-446204FEF741}.Debug|Any CPU.Build.0 = Debug|Any CPU
		{5F806508-F906-4D3D-8C8B-446204FEF741}.Release|Any CPU.ActiveCfg = Release|Any CPU
		{5F806508-F906-4D3D-8C8B-446204FEF741}.Release|Any CPU.Build.0 = Release|Any CPU
	EndGlobalSection
	GlobalSection(SolutionProperties) = preSolution
		HideSolutionNode = FALSE
	EndGlobalSection
	GlobalSection(NestedProjects) = preSolution
		{758AF54E-32E7-4872-8838-66F12F21C7F0} = {1FF9DED6-B29F-45E8-A5D8-688C3B4F214F}
		{6D67078D-1BB4-494A-8279-09AAE606CE58} = {1FF9DED6-B29F-45E8-A5D8-688C3B4F214F}
		{95DED494-19FB-41E5-A57A-EC412353A185} = {1FF9DED6-B29F-45E8-A5D8-688C3B4F214F}
		{5F61348C-067B-4F81-B55F-F82E47B53B8E} = {758AF54E-32E7-4872-8838-66F12F21C7F0}
		{343BB453-46C1-4E43-AC7B-85EE355E3A99} = {758AF54E-32E7-4872-8838-66F12F21C7F0}
		{46C7CE23-5B4C-40EE-B819-2E25B66CCEF1} = {1FF9DED6-B29F-45E8-A5D8-688C3B4F214F}
		{A1803E47-7833-40DC-86B6-F1FC5F8FF289} = {46C7CE23-5B4C-40EE-B819-2E25B66CCEF1}
		{C70AC420-53A4-49A7-B561-0415CB3A8D50} = {758AF54E-32E7-4872-8838-66F12F21C7F0}
		{DA0B8D81-327C-4320-BA93-E0EFC5D5623B} = {6D67078D-1BB4-494A-8279-09AAE606CE58}
		{BB03011B-28C2-4F8A-861D-18E3846A8565} = {6D67078D-1BB4-494A-8279-09AAE606CE58}
		{ED8C2D9C-F193-4575-B83B-75852474E30D} = {6D67078D-1BB4-494A-8279-09AAE606CE58}
		{5F806508-F906-4D3D-8C8B-446204FEF741} = {A08BEB81-EA0B-40A1-A0C3-28B33ADE8DD2}
	EndGlobalSection
	GlobalSection(ExtensibilityGlobals) = postSolution
		SolutionGuid = {E7A6CA5C-C429-41AE-8DFE-95AC150F799B}
	EndGlobalSection
EndGlobal
